lockfileVersion: '9.0'

settings:
  autoInstallPeers: true
  excludeLinksFromLockfile: false

importers:

  .:
    dependencies:
      '@prisma/client':
        specifier: ^7.8.0
        version: 7.8.0

packages:

  '@prisma/client-runtime-utils@7.8.0':
    resolution: {integrity: sha512-5NQZztQ0oY/ADFkmd9gPuweH5A1/CCY8YQPorLLO0Mu6a87mY5gsnDkzmFmIHs9NFaLnZojzgddFVN4RpKYrdw==}

  '@prisma/client@7.8.0':
    resolution: {integrity: sha512-HFp3Dawv/3sU3JtlPha90IB+48lS7zHiH4LKZPjmcE8YH5P9DOXGPvo8dqOtO7MqLDd1p2hOWMcFlRT1DMblHw==}
    engines: {node: ^20.19 || ^22.12 || >=24.0}
    peerDependencies:
      prisma: '*'
      typescript: '>=5.4.0'
    peerDependenciesMeta:
      prisma:
        optional: true
      typescript:
        optional: true

snapshots:

  '@prisma/client-runtime-utils@7.8.0': {}

  '@prisma/client@7.8.0':
    dependencies:
      '@prisma/client-runtime-utils': 7.8.0
